
Microsoft Visual Studio Solution File, Format Version 12.00
# Visual Studio Version 16
VisualStudioVersion = 16.0.34301.259
MinimumVisualStudioVersion = 10.0.40219.1
Project("{FAE04EC0-301F-11D3-BF4B-00C04F79EFBC}") = "RSAcipher", "RSAcipher\RSAcipher.csproj", "{0ED53E0F-5E34-412D-82E9-B6C2AC03A78D}"
EndProject
Global
	GlobalSection(SolutionConfigurationPlatforms) = preSolution
		Debug|Any CPU = Debug|Any CPU
		Debug|x64 = Debug|x64
		Release|Any CPU = Release|Any CPU
		Release|x64 = Release|x64
	EndGlobalSection
	GlobalSection(ProjectConfigurationPlatforms) = postSolution
		{0ED53E0F-5E34-412D-82E9-B6C2AC03A78D}.Debug|Any CPU.ActiveCfg = Debug|Any CPU
		{0ED53E0F-5E34-412D-82E9-B6C2AC03A78D}.Debug|Any CPU.Build.0 = Debug|Any CPU
		{0ED53E0F-5E34-412D-82E9-B6C2AC03A78D}.Debug|x64.ActiveCfg = Debug|x64
		{0ED53E0F-5E34-412D-82E9-B6C2AC03A78D}.Debug|x64.Build.0 = Debug|x64
		{0ED53E0F-5E34-412D-82E9-B6C2AC03A78D}.Release|Any CPU.ActiveCfg = Release|Any CPU
		{0ED53E0F-5E34-412D-82E9-B6C2AC03A78D}.Release|Any CPU.Build.0 = Release|Any CPU
		{0ED53E0F-5E34-412D-82E9-B6C2AC03A78D}.Release|x64.ActiveCfg = Release|x64
		{0ED53E0F-5E34-412D-82E9-B6C2AC03A78D}.Release|x64.Build.0 = Release|x64
	EndGlobalSection
	GlobalSection(SolutionProperties) = preSolution
		HideSolutionNode = FALSE
	EndGlobalSection
	GlobalSection(ExtensibilityGlobals) = postSolution
		SolutionGuid = {2EE12C6B-0A01-4AE9-83A4-D10C5C1FA6AA}
	EndGlobalSection
EndGlobal
